
Microsoft Visual Studio Solution File, Format Version 12.00
# Visual Studio Version 16
VisualStudioVersion = 16.0.32228.343
MinimumVisualStudioVersion = 10.0.40219.1
Project("{2150E333-8FDC-42A3-9474-1A3956D46DE8}") = "Sample", "Sample", "{6527FDB7-6750-4516-9287-1B1863759560}"
EndProject
Project("{FAE04EC0-301F-11D3-BF4B-00C04F79EFBC}") = "ConsoleApp0411", "Sample\ConsoleApp0411\ConsoleApp0411.csproj", "{64A74C36-3C19-4E03-9DCB-47C816DF7A43}"
EndProject
Project("{FAE04EC0-301F-11D3-BF4B-00C04F79EFBC}") = "WindowsFormsApp1", "Sample\WindowsFormsApp1\WindowsFormsApp1.csproj", "{6A237F96-ED75-4309-9D25-A6A057F113E4}"
EndProject
Project("{FAE04EC0-301F-11D3-BF4B-00C04F79EFBC}") = "BallApp", "Sample\BallApp\BallApp.csproj", "{370D38A4-F4B6-408B-8925-C83E09809720}"
EndProject
Project("{2150E333-8FDC-42A3-9474-1A3956D46DE8}") = "Chapter01", "Chapter01", "{BB6B8601-30C1-4267-AF8E-D464A5DC866D}"
EndProject
Project("{FAE04EC0-301F-11D3-BF4B-00C04F79EFBC}") = "ProductSample", "Chapter01\Product\ProductSample.csproj", "{32E71F24-26FF-4119-91A3-ADB79D7C4934}"
EndProject
Project("{2150E333-8FDC-42A3-9474-1A3956D46DE8}") = "Chapter02", "Chapter02", "{6B0E46BE-0D3A-411D-8210-722145E38C1A}"
EndProject
Project("{FAE04EC0-301F-11D3-BF4B-00C04F79EFBC}") = "DistanceConverter", "Chapter02\距離換算プログラム\DistanceConverter\DistanceConverter.csproj", "{E0CB2236-689B-4F07-83B7-575C7C532183}"
EndProject
Project("{2150E333-8FDC-42A3-9474-1A3956D46DE8}") = "距離換算プログラム", "距離換算プログラム", "{AC09E8FF-7942-4297-9256-99DCC78EF0A1}"
EndProject
Project("{2150E333-8FDC-42A3-9474-1A3956D46DE8}") = "売上集計プログラム", "売上集計プログラム", "{785BC10E-8605-47F3-BE69-2A6EEF53FFBC}"
EndProject
Project("{FAE04EC0-301F-11D3-BF4B-00C04F79EFBC}") = "SalesCalculator", "Chapter02\売上集計プログラム\SalesCalculator\SalesCalculator.csproj", "{04A16717-5EAA-4640-BB99-A73F6B485DFF}"
EndProject
Project("{2150E333-8FDC-42A3-9474-1A3956D46DE8}") = "演習問題", "演習問題", "{86173724-8F80-4763-AC11-1395856F6164}"
EndProject
Project("{FAE04EC0-301F-11D3-BF4B-00C04F79EFBC}") = "Exercise01", "Chapter02\演習問題\Exercise01\Exercise01.csproj", "{221DACDD-1510-4FD2-A5F9-FF23D9D6FEF9}"
EndProject
Project("{FAE04EC0-301F-11D3-BF4B-00C04F79EFBC}") = "Exercise02", "Chapter02\演習問題\Exercise02\Exercise02.csproj", "{EDB0F8EB-68EC-4F2D-962B-03E3CAAF9584}"
EndProject
Project("{FAE04EC0-301F-11D3-BF4B-00C04F79EFBC}") = "Exercise03", "Chapter02\演習問題\Exercise03\Exercise03.csproj", "{9BEAAC6E-2199-4B7A-AB49-A63B15A93210}"
EndProject
Project("{2150E333-8FDC-42A3-9474-1A3956D46DE8}") = "Chapter03", "Chapter03", "{E4FAB026-D08A-4064-B254-4B64928A8A4F}"
EndProject
Project("{FAE04EC0-301F-11D3-BF4B-00C04F79EFBC}") = "Section01", "Chapter03\Section01\Section01.csproj", "{069A6C06-AA95-42A7-9B48-5E464FFFEF8B}"
EndProject
Project("{FAE04EC0-301F-11D3-BF4B-00C04F79EFBC}") = "Section03", "Chapter03\Section03\Section03.csproj", "{6B6B1D15-4C39-434A-A244-A3D1700D4C17}"
EndProject
Project("{FAE04EC0-301F-11D3-BF4B-00C04F79EFBC}") = "Section04", "Chapter03\Section04\Section04.csproj", "{F5AABA61-5BC1-43DA-AFC9-ED13108A4C01}"
EndProject
Project("{2150E333-8FDC-42A3-9474-1A3956D46DE8}") = "演習問題", "演習問題", "{DBDEF2B4-B6E2-4189-983E-1A4DFBCC5AF0}"
EndProject
Project("{FAE04EC0-301F-11D3-BF4B-00C04F79EFBC}") = "Exercise01", "Chapter03\演習問題\Exercise01\Exercise01.csproj", "{53520742-021F-459A-B5B5-26F9B8AC3DC9}"
EndProject
Project("{FAE04EC0-301F-11D3-BF4B-00C04F79EFBC}") = "Exercise02", "Chapter03\演習問題\Exercise02\Exercise02.csproj", "{7129CD54-55CD-4FD9-939B-DC5C9F68DE84}"
EndProject
Project("{2150E333-8FDC-42A3-9474-1A3956D46DE8}") = "Chapter04", "Chapter04", "{F59BE7B3-B3D7-422B-91B0-EAC17FF031DB}"
EndProject
Project("{2150E333-8FDC-42A3-9474-1A3956D46DE8}") = "条件演算子null合体演算子", "条件演算子null合体演算子", "{2B731C8A-1CA1-4B6C-AE16-CCFD0E0BAC51}"
EndProject
Project("{FAE04EC0-301F-11D3-BF4B-00C04F79EFBC}") = "Section04", "Chapter04\条件演算子null合体演算子\Section04\Section04.csproj", "{E1A44245-0251-4BBF-A05E-4FEF69618C6F}"
EndProject
Project("{2150E333-8FDC-42A3-9474-1A3956D46DE8}") = "TryParse", "TryParse", "{B302D862-4832-42A0-ADDF-2BB6DDF250FD}"
EndProject
Project("{FAE04EC0-301F-11D3-BF4B-00C04F79EFBC}") = "Section07", "Chapter04\TryParse\Section07\Section07.csproj", "{BB23C543-B573-4D02-9447-9691FE289196}"
EndProject
Project("{2150E333-8FDC-42A3-9474-1A3956D46DE8}") = "演習問題", "演習問題", "{FB6E91CD-6E78-4F6B-8061-95F5B7B31FB5}"
EndProject
Project("{FAE04EC0-301F-11D3-BF4B-00C04F79EFBC}") = "Exercise01", "Chapter04\演習問題\Exercise01\Exercise01.csproj", "{DE6146A9-9668-44BF-B171-C6579E12FF73}"
EndProject
Project("{FAE04EC0-301F-11D3-BF4B-00C04F79EFBC}") = "Exercise02", "Chapter04\演習問題\Exercise02\Exercise02.csproj", "{B2CC3F4C-D168-45FF-BFC5-290332B56493}"
EndProject
Project("{2150E333-8FDC-42A3-9474-1A3956D46DE8}") = "Chapter05", "Chapter05", "{C100364E-20E8-4D3C-8B9F-A0F3E79D5455}"
EndProject
Project("{2150E333-8FDC-42A3-9474-1A3956D46DE8}") = "演習問題", "演習問題", "{2A274E87-88B5-4A5A-817E-87E9A17019CE}"
EndProject
Project("{FAE04EC0-301F-11D3-BF4B-00C04F79EFBC}") = "Exercise01", "Chapter05\演習問題\Exercise01\Exercise01.csproj", "{285E4D71-5951-4E3B-B420-D00FEB13C877}"
EndProject
Project("{FAE04EC0-301F-11D3-BF4B-00C04F79EFBC}") = "Exercise02", "Chapter05\演習問題\Exercise02\Exercise02.csproj", "{6B5E8593-F686-4FE9-9AE1-392622FE2C14}"
EndProject
Project("{FAE04EC0-301F-11D3-BF4B-00C04F79EFBC}") = "Exercise03", "Chapter05\演習問題\Exercise03\Exercise03.csproj", "{869CCC53-0610-4FCC-9C76-7771E782A85F}"
EndProject
Project("{FAE04EC0-301F-11D3-BF4B-00C04F79EFBC}") = "Exercise04", "Chapter05\演習問題\Exercise04\Exercise04.csproj", "{B4106212-0067-4603-8E4A-EC928A1673A7}"
EndProject
Project("{2150E333-8FDC-42A3-9474-1A3956D46DE8}") = "Chapter06", "Chapter06", "{B0F4108C-647B-4FA3-A719-003E0A6191A0}"
EndProject
Project("{FAE04EC0-301F-11D3-BF4B-00C04F79EFBC}") = "Section01", "Chapter06\Section01\Section01.csproj", "{70E1336A-DFFA-4A58-94A9-2AE84A266D76}"
EndProject
Project("{FAE04EC0-301F-11D3-BF4B-00C04F79EFBC}") = "Section02", "Chapter06\Section02\Section02.csproj", "{DCE5C954-92DB-4BCC-8C95-C1455F320CAE}"
EndProject
Project("{2150E333-8FDC-42A3-9474-1A3956D46DE8}") = "演習問題", "演習問題", "{D92B0489-C73F-47D6-B7C6-894F3ABB561D}"
EndProject
Project("{FAE04EC0-301F-11D3-BF4B-00C04F79EFBC}") = "Exercise01", "Chapter06\演習問題\Exercise01\Exercise01.csproj", "{1FDA93AC-D644-418F-B7AC-3429E2B2FDCB}"
EndProject
Project("{FAE04EC0-301F-11D3-BF4B-00C04F79EFBC}") = "Exercise02", "Chapter06\演習問題\Exercise02\Exercise02.csproj", "{341EE2C7-3965-4A76-A5A6-BEADA42F7D8E}"
EndProject
Project("{2150E333-8FDC-42A3-9474-1A3956D46DE8}") = "試験01", "試験01", "{EE5E2A44-5E81-4544-9967-A19AA9AE0C46}"
EndProject
Project("{FAE04EC0-301F-11D3-BF4B-00C04F79EFBC}") = "Test01", "TestProject\Test01\Test01.csproj", "{2BFACDC3-F44D-4199-8498-F5C3C4AC0335}"
EndProject
Project("{FAE04EC0-301F-11D3-BF4B-00C04F79EFBC}") = "Test02", "TestProject\Test02\Test02.csproj", "{E461C0A8-8900-485C-B520-E929BA33F712}"
EndProject
Project("{2150E333-8FDC-42A3-9474-1A3956D46DE8}") = "Chapter07", "Chapter07", "{C7E3023A-43F8-4151-97A6-FA38F5B48430}"
EndProject
Project("{FAE04EC0-301F-11D3-BF4B-00C04F79EFBC}") = "Section01", "Chapter07\Section01\Section01.csproj", "{6DB57B39-0940-408E-BAA2-3E6F12D5B916}"
EndProject
Project("{FAE04EC0-301F-11D3-BF4B-00C04F79EFBC}") = "Section02", "Chapter07\Section02\Section02.csproj", "{43905684-BB56-46D8-8BED-B0FBF1B16FBF}"
EndProject
Project("{FAE04EC0-301F-11D3-BF4B-00C04F79EFBC}") = "Section03", "Chapter07\Section03\Section03.csproj", "{4C37BABB-AC6D-4502-B869-D5CA808F02DB}"
EndProject
Project("{2150E333-8FDC-42A3-9474-1A3956D46DE8}") = "演習問題", "演習問題", "{C8023217-9321-4A4E-A83F-625C452ECBED}"
EndProject
Project("{FAE04EC0-301F-11D3-BF4B-00C04F79EFBC}") = "Exercise01", "Chapter07\演習問題\Exercise01\Exercise01.csproj", "{82E18721-2964-4AEF-9AE0-CDA02F695006}"
EndProject
Project("{FAE04EC0-301F-11D3-BF4B-00C04F79EFBC}") = "Exercise02", "Chapter07\演習問題\Exercise02\Exercise02.csproj", "{64BFB8F5-0581-4DBF-B6B5-3FC0DB723D2D}"
EndProject
Project("{2150E333-8FDC-42A3-9474-1A3956D46DE8}") = "Chapter08", "Chapter08", "{1C288D14-3D37-4D26-8CBD-60F3ECA3B802}"
EndProject
Project("{2150E333-8FDC-42A3-9474-1A3956D46DE8}") = "演習問題", "演習問題", "{DA410C43-EFA6-4264-81BD-6C687AAFD94C}"
EndProject
Project("{FAE04EC0-301F-11D3-BF4B-00C04F79EFBC}") = "Exercise01", "Chapter08\演習問題\Exercise01\Exercise01.csproj", "{53EE8A32-AFEB-4779-BE97-7EE12B8F4C6B}"
EndProject
Project("{FAE04EC0-301F-11D3-BF4B-00C04F79EFBC}") = "Exercise02", "Chapter08\演習問題\Exercise02\Exercise02.csproj", "{D6D2104C-A4FB-4A46-84FA-78D0056D61C1}"
EndProject
Project("{FAE04EC0-301F-11D3-BF4B-00C04F79EFBC}") = "Exercise03", "Chapter08\演習問題\Exercise03\Exercise03.csproj", "{B452046E-5AC7-4ABE-9446-E5BF9A3AA874}"
EndProject
Project("{2150E333-8FDC-42A3-9474-1A3956D46DE8}") = "フォームアプリケーション", "フォームアプリケーション", "{97EC6977-AF87-45FF-8B1B-18636464DC75}"
EndProject
Project("{FAE04EC0-301F-11D3-BF4B-00C04F79EFBC}") = "CalendarApp", "Chapter08\フォームアプリケーション\CalendarApp\CalendarApp.csproj", "{8F77417E-F626-41F7-A0E7-3373A0D186AB}"
EndProject
Project("{2150E333-8FDC-42A3-9474-1A3956D46DE8}") = "FormApps", "FormApps", "{11BA51DE-CD46-4BAC-AC7F-1E6B75F10882}"
EndProject
Project("{FAE04EC0-301F-11D3-BF4B-00C04F79EFBC}") = "CarReportSystem", "FormApps\CarReportSystem\CarReportSystem.csproj", "{4ADA5AD0-2694-4F9D-AC4B-5B732B089500}"
EndProject
Project("{2150E333-8FDC-42A3-9474-1A3956D46DE8}") = "Chapter13", "Chapter13", "{FBDD1534-F850-4B7C-9FC0-EC3A64D8CBA6}"
EndProject
Project("{FAE04EC0-301F-11D3-BF4B-00C04F79EFBC}") = "SampleEntityFramewaork", "Chapter13\SampleEntityFramewaork\SampleEntityFramewaork.csproj", "{313851A3-7BF7-428F-AC6F-38973ED5BB79}"
EndProject
Global
	GlobalSection(SolutionConfigurationPlatforms) = preSolution
		Debug|Any CPU = Debug|Any CPU
		Release|Any CPU = Release|Any CPU
	EndGlobalSection
	GlobalSection(ProjectConfigurationPlatforms) = postSolution
		{64A74C36-3C19-4E03-9DCB-47C816DF7A43}.Debug|Any CPU.ActiveCfg = Debug|Any CPU
		{64A74C36-3C19-4E03-9DCB-47C816DF7A43}.Debug|Any CPU.Build.0 = Debug|Any CPU
		{64A74C36-3C19-4E03-9DCB-47C816DF7A43}.Release|Any CPU.ActiveCfg = Release|Any CPU
		{64A74C36-3C19-4E03-9DCB-47C816DF7A43}.Release|Any CPU.Build.0 = Release|Any CPU
		{6A237F96-ED75-4309-9D25-A6A057F113E4}.Debug|Any CPU.ActiveCfg = Debug|Any CPU
		{6A237F96-ED75-4309-9D25-A6A057F113E4}.Debug|Any CPU.Build.0 = Debug|Any CPU
		{6A237F96-ED75-4309-9D25-A6A057F113E4}.Release|Any CPU.ActiveCfg = Release|Any CPU
		{6A237F96-ED75-4309-9D25-A6A057F113E4}.Release|Any CPU.Build.0 = Release|Any CPU
		{370D38A4-F4B6-408B-8925-C83E09809720}.Debug|Any CPU.ActiveCfg = Debug|Any CPU
		{370D38A4-F4B6-408B-8925-C83E09809720}.Debug|Any CPU.Build.0 = Debug|Any CPU
		{370D38A4-F4B6-408B-8925-C83E09809720}.Release|Any CPU.ActiveCfg = Release|Any CPU
		{370D38A4-F4B6-408B-8925-C83E09809720}.Release|Any CPU.Build.0 = Release|Any CPU
		{32E71F24-26FF-4119-91A3-ADB79D7C4934}.Debug|Any CPU.ActiveCfg = Debug|Any CPU
		{32E71F24-26FF-4119-91A3-ADB79D7C4934}.Debug|Any CPU.Build.0 = Debug|Any CPU
		{32E71F24-26FF-4119-91A3-ADB79D7C4934}.Release|Any CPU.ActiveCfg = Release|Any CPU
		{32E71F24-26FF-4119-91A3-ADB79D7C4934}.Release|Any CPU.Build.0 = Release|Any CPU
		{E0CB2236-689B-4F07-83B7-575C7C532183}.Debug|Any CPU.ActiveCfg = Debug|Any CPU
		{E0CB2236-689B-4F07-83B7-575C7C532183}.Debug|Any CPU.Build.0 = Debug|Any CPU
		{E0CB2236-689B-4F07-83B7-575C7C532183}.Release|Any CPU.ActiveCfg = Release|Any CPU
		{E0CB2236-689B-4F07-83B7-575C7C532183}.Release|Any CPU.Build.0 = Release|Any CPU
		{04A16717-5EAA-4640-BB99-A73F6B485DFF}.Debug|Any CPU.ActiveCfg = Debug|Any CPU
		{04A16717-5EAA-4640-BB99-A73F6B485DFF}.Debug|Any CPU.Build.0 = Debug|Any CPU
		{04A16717-5EAA-4640-BB99-A73F6B485DFF}.Release|Any CPU.ActiveCfg = Release|Any CPU
		{04A16717-5EAA-4640-BB99-A73F6B485DFF}.Release|Any CPU.Build.0 = Release|Any CPU
		{221DACDD-1510-4FD2-A5F9-FF23D9D6FEF9}.Debug|Any CPU.ActiveCfg = Debug|Any CPU
		{221DACDD-1510-4FD2-A5F9-FF23D9D6FEF9}.Debug|Any CPU.Build.0 = Debug|Any CPU
		{221DACDD-1510-4FD2-A5F9-FF23D9D6FEF9}.Release|Any CPU.ActiveCfg = Release|Any CPU
		{221DACDD-1510-4FD2-A5F9-FF23D9D6FEF9}.Release|Any CPU.Build.0 = Release|Any CPU
		{EDB0F8EB-68EC-4F2D-962B-03E3CAAF9584}.Debug|Any CPU.ActiveCfg = Debug|Any CPU
		{EDB0F8EB-68EC-4F2D-962B-03E3CAAF9584}.Debug|Any CPU.Build.0 = Debug|Any CPU
		{EDB0F8EB-68EC-4F2D-962B-03E3CAAF9584}.Release|Any CPU.ActiveCfg = Release|Any CPU
		{EDB0F8EB-68EC-4F2D-962B-03E3CAAF9584}.Release|Any CPU.Build.0 = Release|Any CPU
		{9BEAAC6E-2199-4B7A-AB49-A63B15A93210}.Debug|Any CPU.ActiveCfg = Debug|Any CPU
		{9BEAAC6E-2199-4B7A-AB49-A63B15A93210}.Debug|Any CPU.Build.0 = Debug|Any CPU
		{9BEAAC6E-2199-4B7A-AB49-A63B15A93210}.Release|Any CPU.ActiveCfg = Release|Any CPU
		{9BEAAC6E-2199-4B7A-AB49-A63B15A93210}.Release|Any CPU.Build.0 = Release|Any CPU
		{069A6C06-AA95-42A7-9B48-5E464FFFEF8B}.Debug|Any CPU.ActiveCfg = Debug|Any CPU
		{069A6C06-AA95-42A7-9B48-5E464FFFEF8B}.Debug|Any CPU.Build.0 = Debug|Any CPU
		{069A6C06-AA95-42A7-9B48-5E464FFFEF8B}.Release|Any CPU.ActiveCfg = Release|Any CPU
		{069A6C06-AA95-42A7-9B48-5E464FFFEF8B}.Release|Any CPU.Build.0 = Release|Any CPU
		{6B6B1D15-4C39-434A-A244-A3D1700D4C17}.Debug|Any CPU.ActiveCfg = Debug|Any CPU
		{6B6B1D15-4C39-434A-A244-A3D1700D4C17}.Debug|Any CPU.Build.0 = Debug|Any CPU
		{6B6B1D15-4C39-434A-A244-A3D1700D4C17}.Release|Any CPU.ActiveCfg = Release|Any CPU
		{6B6B1D15-4C39-434A-A244-A3D1700D4C17}.Release|Any CPU.Build.0 = Release|Any CPU
		{F5AABA61-5BC1-43DA-AFC9-ED13108A4C01}.Debug|Any CPU.ActiveCfg = Debug|Any CPU
		{F5AABA61-5BC1-43DA-AFC9-ED13108A4C01}.Debug|Any CPU.Build.0 = Debug|Any CPU
		{F5AABA61-5BC1-43DA-AFC9-ED13108A4C01}.Release|Any CPU.ActiveCfg = Release|Any CPU
		{F5AABA61-5BC1-43DA-AFC9-ED13108A4C01}.Release|Any CPU.Build.0 = Release|Any CPU
		{53520742-021F-459A-B5B5-26F9B8AC3DC9}.Debug|Any CPU.ActiveCfg = Debug|Any CPU
		{53520742-021F-459A-B5B5-26F9B8AC3DC9}.Debug|Any CPU.Build.0 = Debug|Any CPU
		{53520742-021F-459A-B5B5-26F9B8AC3DC9}.Release|Any CPU.ActiveCfg = Release|Any CPU
		{53520742-021F-459A-B5B5-26F9B8AC3DC9}.Release|Any CPU.Build.0 = Release|Any CPU
		{7129CD54-55CD-4FD9-939B-DC5C9F68DE84}.Debug|Any CPU.ActiveCfg = Debug|Any CPU
		{7129CD54-55CD-4FD9-939B-DC5C9F68DE84}.Debug|Any CPU.Build.0 = Debug|Any CPU
		{7129CD54-55CD-4FD9-939B-DC5C9F68DE84}.Release|Any CPU.ActiveCfg = Release|Any CPU
		{7129CD54-55CD-4FD9-939B-DC5C9F68DE84}.Release|Any CPU.Build.0 = Release|Any CPU
		{E1A44245-0251-4BBF-A05E-4FEF69618C6F}.Debug|Any CPU.ActiveCfg = Debug|Any CPU
		{E1A44245-0251-4BBF-A05E-4FEF69618C6F}.Debug|Any CPU.Build.0 = Debug|Any CPU
		{E1A44245-0251-4BBF-A05E-4FEF69618C6F}.Release|Any CPU.ActiveCfg = Release|Any CPU
		{E1A44245-0251-4BBF-A05E-4FEF69618C6F}.Release|Any CPU.Build.0 = Release|Any CPU
		{BB23C543-B573-4D02-9447-9691FE289196}.Debug|Any CPU.ActiveCfg = Debug|Any CPU
		{BB23C543-B573-4D02-9447-9691FE289196}.Debug|Any CPU.Build.0 = Debug|Any CPU
		{BB23C543-B573-4D02-9447-9691FE289196}.Release|Any CPU.ActiveCfg = Release|Any CPU
		{BB23C543-B573-4D02-9447-9691FE289196}.Release|Any CPU.Build.0 = Release|Any CPU
		{DE6146A9-9668-44BF-B171-C6579E12FF73}.Debug|Any CPU.ActiveCfg = Debug|Any CPU
		{DE6146A9-9668-44BF-B171-C6579E12FF73}.Debug|Any CPU.Build.0 = Debug|Any CPU
		{DE6146A9-9668-44BF-B171-C6579E12FF73}.Release|Any CPU.ActiveCfg = Release|Any CPU
		{DE6146A9-9668-44BF-B171-C6579E12FF73}.Release|Any CPU.Build.0 = Release|Any CPU
		{B2CC3F4C-D168-45FF-BFC5-290332B56493}.Debug|Any CPU.ActiveCfg = Debug|Any CPU
		{B2CC3F4C-D168-45FF-BFC5-290332B56493}.Debug|Any CPU.Build.0 = Debug|Any CPU
		{B2CC3F4C-D168-45FF-BFC5-290332B56493}.Release|Any CPU.ActiveCfg = Release|Any CPU
		{B2CC3F4C-D168-45FF-BFC5-290332B56493}.Release|Any CPU.Build.0 = Release|Any CPU
		{285E4D71-5951-4E3B-B420-D00FEB13C877}.Debug|Any CPU.ActiveCfg = Debug|Any CPU
		{285E4D71-5951-4E3B-B420-D00FEB13C877}.Debug|Any CPU.Build.0 = Debug|Any CPU
		{285E4D71-5951-4E3B-B420-D00FEB13C877}.Release|Any CPU.ActiveCfg = Release|Any CPU
		{285E4D71-5951-4E3B-B420-D00FEB13C877}.Release|Any CPU.Build.0 = Release|Any CPU
		{6B5E8593-F686-4FE9-9AE1-392622FE2C14}.Debug|Any CPU.ActiveCfg = Debug|Any CPU
		{6B5E8593-F686-4FE9-9AE1-392622FE2C14}.Debug|Any CPU.Build.0 = Debug|Any CPU
		{6B5E8593-F686-4FE9-9AE1-392622FE2C14}.Release|Any CPU.ActiveCfg = Release|Any CPU
		{6B5E8593-F686-4FE9-9AE1-392622FE2C14}.Release|Any CPU.Build.0 = Release|Any CPU
		{869CCC53-0610-4FCC-9C76-7771E782A85F}.Debug|Any CPU.ActiveCfg = Debug|Any CPU
		{869CCC53-0610-4FCC-9C76-7771E782A85F}.Debug|Any CPU.Build.0 = Debug|Any CPU
		{869CCC53-0610-4FCC-9C76-7771E782A85F}.Release|Any CPU.ActiveCfg = Release|Any CPU
		{869CCC53-0610-4FCC-9C76-7771E782A85F}.Release|Any CPU.Build.0 = Release|Any CPU
		{B4106212-0067-4603-8E4A-EC928A1673A7}.Debug|Any CPU.ActiveCfg = Debug|Any CPU
		{B4106212-0067-4603-8E4A-EC928A1673A7}.Debug|Any CPU.Build.0 = Debug|Any CPU
		{B4106212-0067-4603-8E4A-EC928A1673A7}.Release|Any CPU.ActiveCfg = Release|Any CPU
		{B4106212-0067-4603-8E4A-EC928A1673A7}.Release|Any CPU.Build.0 = Release|Any CPU
		{70E1336A-DFFA-4A58-94A9-2AE84A266D76}.Debug|Any CPU.ActiveCfg = Debug|Any CPU
		{70E1336A-DFFA-4A58-94A9-2AE84A266D76}.Debug|Any CPU.Build.0 = Debug|Any CPU
		{70E1336A-DFFA-4A58-94A9-2AE84A266D76}.Release|Any CPU.ActiveCfg = Release|Any CPU
		{70E1336A-DFFA-4A58-94A9-2AE84A266D76}.Release|Any CPU.Build.0 = Release|Any CPU
		{DCE5C954-92DB-4BCC-8C95-C1455F320CAE}.Debug|Any CPU.ActiveCfg = Debug|Any CPU
		{DCE5C954-92DB-4BCC-8C95-C1455F320CAE}.Debug|Any CPU.Build.0 = Debug|Any CPU
		{DCE5C954-92DB-4BCC-8C95-C1455F320CAE}.Release|Any CPU.ActiveCfg = Release|Any CPU
		{DCE5C954-92DB-4BCC-8C95-C1455F320CAE}.Release|Any CPU.Build.0 = Release|Any CPU
		{1FDA93AC-D644-418F-B7AC-3429E2B2FDCB}.Debug|Any CPU.ActiveCfg = Debug|Any CPU
		{1FDA93AC-D644-418F-B7AC-3429E2B2FDCB}.Debug|Any CPU.Build.0 = Debug|Any CPU
		{1FDA93AC-D644-418F-B7AC-3429E2B2FDCB}.Release|Any CPU.ActiveCfg = Release|Any CPU
		{1FDA93AC-D644-418F-B7AC-3429E2B2FDCB}.Release|Any CPU.Build.0 = Release|Any CPU
		{341EE2C7-3965-4A76-A5A6-BEADA42F7D8E}.Debug|Any CPU.ActiveCfg = Debug|Any CPU
		{341EE2C7-3965-4A76-A5A6-BEADA42F7D8E}.Debug|Any CPU.Build.0 = Debug|Any CPU
		{341EE2C7-3965-4A76-A5A6-BEADA42F7D8E}.Release|Any CPU.ActiveCfg = Release|Any CPU
		{341EE2C7-3965-4A76-A5A6-BEADA42F7D8E}.Release|Any CPU.Build.0 = Release|Any CPU
		{2BFACDC3-F44D-4199-8498-F5C3C4AC0335}.Debug|Any CPU.ActiveCfg = Debug|Any CPU
		{2BFACDC3-F44D-4199-8498-F5C3C4AC0335}.Debug|Any CPU.Build.0 = Debug|Any CPU
		{2BFACDC3-F44D-4199-8498-F5C3C4AC0335}.Release|Any CPU.ActiveCfg = Release|Any CPU
		{2BFACDC3-F44D-4199-8498-F5C3C4AC0335}.Release|Any CPU.Build.0 = Release|Any CPU
		{E461C0A8-8900-485C-B520-E929BA33F712}.Debug|Any CPU.ActiveCfg = Debug|Any CPU
		{E461C0A8-8900-485C-B520-E929BA33F712}.Debug|Any CPU.Build.0 = Debug|Any CPU
		{E461C0A8-8900-485C-B520-E929BA33F712}.Release|Any CPU.ActiveCfg = Release|Any CPU
		{E461C0A8-8900-485C-B520-E929BA33F712}.Release|Any CPU.Build.0 = Release|Any CPU
		{6DB57B39-0940-408E-BAA2-3E6F12D5B916}.Debug|Any CPU.ActiveCfg = Debug|Any CPU
		{6DB57B39-0940-408E-BAA2-3E6F12D5B916}.Debug|Any CPU.Build.0 = Debug|Any CPU
		{6DB57B39-0940-408E-BAA2-3E6F12D5B916}.Release|Any CPU.ActiveCfg = Release|Any CPU
		{6DB57B39-0940-408E-BAA2-3E6F12D5B916}.Release|Any CPU.Build.0 = Release|Any CPU
		{43905684-BB56-46D8-8BED-B0FBF1B16FBF}.Debug|Any CPU.ActiveCfg = Debug|Any CPU
		{43905684-BB56-46D8-8BED-B0FBF1B16FBF}.Debug|Any CPU.Build.0 = Debug|Any CPU
		{43905684-BB56-46D8-8BED-B0FBF1B16FBF}.Release|Any CPU.ActiveCfg = Release|Any CPU
		{43905684-BB56-46D8-8BED-B0FBF1B16FBF}.Release|Any CPU.Build.0 = Release|Any CPU
		{4C37BABB-AC6D-4502-B869-D5CA808F02DB}.Debug|Any CPU.ActiveCfg = Debug|Any CPU
		{4C37BABB-AC6D-4502-B869-D5CA808F02DB}.Debug|Any CPU.Build.0 = Debug|Any CPU
		{4C37BABB-AC6D-4502-B869-D5CA808F02DB}.Release|Any CPU.ActiveCfg = Release|Any CPU
		{4C37BABB-AC6D-4502-B869-D5CA808F02DB}.Release|Any CPU.Build.0 = Release|Any CPU
		{82E18721-2964-4AEF-9AE0-CDA02F695006}.Debug|Any CPU.ActiveCfg = Debug|Any CPU
		{82E18721-2964-4AEF-9AE0-CDA02F695006}.Debug|Any CPU.Build.0 = Debug|Any CPU
		{82E18721-2964-4AEF-9AE0-CDA02F695006}.Release|Any CPU.ActiveCfg = Release|Any CPU
		{82E18721-2964-4AEF-9AE0-CDA02F695006}.Release|Any CPU.Build.0 = Release|Any CPU
		{64BFB8F5-0581-4DBF-B6B5-3FC0DB723D2D}.Debug|Any CPU.ActiveCfg = Debug|Any CPU
		{64BFB8F5-0581-4DBF-B6B5-3FC0DB723D2D}.Debug|Any CPU.Build.0 = Debug|Any CPU
		{64BFB8F5-0581-4DBF-B6B5-3FC0DB723D2D}.Release|Any CPU.ActiveCfg = Release|Any CPU
		{64BFB8F5-0581-4DBF-B6B5-3FC0DB723D2D}.Release|Any CPU.Build.0 = Release|Any CPU
		{53EE8A32-AFEB-4779-BE97-7EE12B8F4C6B}.Debug|Any CPU.ActiveCfg = Debug|Any CPU
		{53EE8A32-AFEB-4779-BE97-7EE12B8F4C6B}.Debug|Any CPU.Build.0 = Debug|Any CPU
		{53EE8A32-AFEB-4779-BE97-7EE12B8F4C6B}.Release|Any CPU.ActiveCfg = Release|Any CPU
		{53EE8A32-AFEB-4779-BE97-7EE12B8F4C6B}.Release|Any CPU.Build.0 = Release|Any CPU
		{D6D2104C-A4FB-4A46-84FA-78D0056D61C1}.Debug|Any CPU.ActiveCfg = Debug|Any CPU
		{D6D2104C-A4FB-4A46-84FA-78D0056D61C1}.Debug|Any CPU.Build.0 = Debug|Any CPU
		{D6D2104C-A4FB-4A46-84FA-78D0056D61C1}.Release|Any CPU.ActiveCfg = Release|Any CPU
		{D6D2104C-A4FB-4A46-84FA-78D0056D61C1}.Release|Any CPU.Build.0 = Release|Any CPU
		{B452046E-5AC7-4ABE-9446-E5BF9A3AA874}.Debug|Any CPU.ActiveCfg = Debug|Any CPU
		{B452046E-5AC7-4ABE-9446-E5BF9A3AA874}.Debug|Any CPU.Build.0 = Debug|Any CPU
		{B452046E-5AC7-4ABE-9446-E5BF9A3AA874}.Release|Any CPU.ActiveCfg = Release|Any CPU
		{B452046E-5AC7-4ABE-9446-E5BF9A3AA874}.Release|Any CPU.Build.0 = Release|Any CPU
		{8F77417E-F626-41F7-A0E7-3373A0D186AB}.Debug|Any CPU.ActiveCfg = Debug|Any CPU
		{8F77417E-F626-41F7-A0E7-3373A0D186AB}.Debug|Any CPU.Build.0 = Debug|Any CPU
		{8F77417E-F626-41F7-A0E7-3373A0D186AB}.Release|Any CPU.ActiveCfg = Release|Any CPU
		{8F77417E-F626-41F7-A0E7-3373A0D186AB}.Release|Any CPU.Build.0 = Release|Any CPU
		{4ADA5AD0-2694-4F9D-AC4B-5B732B089500}.Debug|Any CPU.ActiveCfg = Debug|Any CPU
		{4ADA5AD0-2694-4F9D-AC4B-5B732B089500}.Debug|Any CPU.Build.0 = Debug|Any CPU
		{4ADA5AD0-2694-4F9D-AC4B-5B732B089500}.Release|Any CPU.ActiveCfg = Release|Any CPU
		{4ADA5AD0-2694-4F9D-AC4B-5B732B089500}.Release|Any CPU.Build.0 = Release|Any CPU
		{313851A3-7BF7-428F-AC6F-38973ED5BB79}.Debug|Any CPU.ActiveCfg = Debug|Any CPU
		{313851A3-7BF7-428F-AC6F-38973ED5BB79}.Debug|Any CPU.Build.0 = Debug|Any CPU
		{313851A3-7BF7-428F-AC6F-38973ED5BB79}.Release|Any CPU.ActiveCfg = Release|Any CPU
		{313851A3-7BF7-428F-AC6F-38973ED5BB79}.Release|Any CPU.Build.0 = Release|Any CPU
	EndGlobalSection
	GlobalSection(SolutionProperties) = preSolution
		HideSolutionNode = FALSE
	EndGlobalSection
	GlobalSection(NestedProjects) = preSolution
		{64A74C36-3C19-4E03-9DCB-47C816DF7A43} = {6527FDB7-6750-4516-9287-1B1863759560}
		{6A237F96-ED75-4309-9D25-A6A057F113E4} = {6527FDB7-6750-4516-9287-1B1863759560}
		{370D38A4-F4B6-408B-8925-C83E09809720} = {6527FDB7-6750-4516-9287-1B1863759560}
		{32E71F24-26FF-4119-91A3-ADB79D7C4934} = {BB6B8601-30C1-4267-AF8E-D464A5DC866D}
		{E0CB2236-689B-4F07-83B7-575C7C532183} = {AC09E8FF-7942-4297-9256-99DCC78EF0A1}
		{AC09E8FF-7942-4297-9256-99DCC78EF0A1} = {6B0E46BE-0D3A-411D-8210-722145E38C1A}
		{785BC10E-8605-47F3-BE69-2A6EEF53FFBC} = {6B0E46BE-0D3A-411D-8210-722145E38C1A}
		{04A16717-5EAA-4640-BB99-A73F6B485DFF} = {785BC10E-8605-47F3-BE69-2A6EEF53FFBC}
		{86173724-8F80-4763-AC11-1395856F6164} = {6B0E46BE-0D3A-411D-8210-722145E38C1A}
		{221DACDD-1510-4FD2-A5F9-FF23D9D6FEF9} = {86173724-8F80-4763-AC11-1395856F6164}
		{EDB0F8EB-68EC-4F2D-962B-03E3CAAF9584} = {86173724-8F80-4763-AC11-1395856F6164}
		{9BEAAC6E-2199-4B7A-AB49-A63B15A93210} = {86173724-8F80-4763-AC11-1395856F6164}
		{069A6C06-AA95-42A7-9B48-5E464FFFEF8B} = {E4FAB026-D08A-4064-B254-4B64928A8A4F}
		{6B6B1D15-4C39-434A-A244-A3D1700D4C17} = {E4FAB026-D08A-4064-B254-4B64928A8A4F}
		{F5AABA61-5BC1-43DA-AFC9-ED13108A4C01} = {E4FAB026-D08A-4064-B254-4B64928A8A4F}
		{DBDEF2B4-B6E2-4189-983E-1A4DFBCC5AF0} = {E4FAB026-D08A-4064-B254-4B64928A8A4F}
		{53520742-021F-459A-B5B5-26F9B8AC3DC9} = {DBDEF2B4-B6E2-4189-983E-1A4DFBCC5AF0}
		{7129CD54-55CD-4FD9-939B-DC5C9F68DE84} = {DBDEF2B4-B6E2-4189-983E-1A4DFBCC5AF0}
		{2B731C8A-1CA1-4B6C-AE16-CCFD0E0BAC51} = {F59BE7B3-B3D7-422B-91B0-EAC17FF031DB}
		{E1A44245-0251-4BBF-A05E-4FEF69618C6F} = {2B731C8A-1CA1-4B6C-AE16-CCFD0E0BAC51}
		{B302D862-4832-42A0-ADDF-2BB6DDF250FD} = {F59BE7B3-B3D7-422B-91B0-EAC17FF031DB}
		{BB23C543-B573-4D02-9447-9691FE289196} = {B302D862-4832-42A0-ADDF-2BB6DDF250FD}
		{FB6E91CD-6E78-4F6B-8061-95F5B7B31FB5} = {F59BE7B3-B3D7-422B-91B0-EAC17FF031DB}
		{DE6146A9-9668-44BF-B171-C6579E12FF73} = {FB6E91CD-6E78-4F6B-8061-95F5B7B31FB5}
		{B2CC3F4C-D168-45FF-BFC5-290332B56493} = {FB6E91CD-6E78-4F6B-8061-95F5B7B31FB5}
		{2A274E87-88B5-4A5A-817E-87E9A17019CE} = {C100364E-20E8-4D3C-8B9F-A0F3E79D5455}
		{285E4D71-5951-4E3B-B420-D00FEB13C877} = {2A274E87-88B5-4A5A-817E-87E9A17019CE}
		{6B5E8593-F686-4FE9-9AE1-392622FE2C14} = {2A274E87-88B5-4A5A-817E-87E9A17019CE}
		{869CCC53-0610-4FCC-9C76-7771E782A85F} = {2A274E87-88B5-4A5A-817E-87E9A17019CE}
		{B4106212-0067-4603-8E4A-EC928A1673A7} = {2A274E87-88B5-4A5A-817E-87E9A17019CE}
		{70E1336A-DFFA-4A58-94A9-2AE84A266D76} = {B0F4108C-647B-4FA3-A719-003E0A6191A0}
		{DCE5C954-92DB-4BCC-8C95-C1455F320CAE} = {B0F4108C-647B-4FA3-A719-003E0A6191A0}
		{D92B0489-C73F-47D6-B7C6-894F3ABB561D} = {B0F4108C-647B-4FA3-A719-003E0A6191A0}
		{1FDA93AC-D644-418F-B7AC-3429E2B2FDCB} = {D92B0489-C73F-47D6-B7C6-894F3ABB561D}
		{341EE2C7-3965-4A76-A5A6-BEADA42F7D8E} = {D92B0489-C73F-47D6-B7C6-894F3ABB561D}
		{2BFACDC3-F44D-4199-8498-F5C3C4AC0335} = {EE5E2A44-5E81-4544-9967-A19AA9AE0C46}
		{E461C0A8-8900-485C-B520-E929BA33F712} = {EE5E2A44-5E81-4544-9967-A19AA9AE0C46}
		{6DB57B39-0940-408E-BAA2-3E6F12D5B916} = {C7E3023A-43F8-4151-97A6-FA38F5B48430}
		{43905684-BB56-46D8-8BED-B0FBF1B16FBF} = {C7E3023A-43F8-4151-97A6-FA38F5B48430}
		{4C37BABB-AC6D-4502-B869-D5CA808F02DB} = {C7E3023A-43F8-4151-97A6-FA38F5B48430}
		{C8023217-9321-4A4E-A83F-625C452ECBED} = {C7E3023A-43F8-4151-97A6-FA38F5B48430}
		{82E18721-2964-4AEF-9AE0-CDA02F695006} = {C8023217-9321-4A4E-A83F-625C452ECBED}
		{64BFB8F5-0581-4DBF-B6B5-3FC0DB723D2D} = {C8023217-9321-4A4E-A83F-625C452ECBED}
		{DA410C43-EFA6-4264-81BD-6C687AAFD94C} = {1C288D14-3D37-4D26-8CBD-60F3ECA3B802}
		{53EE8A32-AFEB-4779-BE97-7EE12B8F4C6B} = {DA410C43-EFA6-4264-81BD-6C687AAFD94C}
		{D6D2104C-A4FB-4A46-84FA-78D0056D61C1} = {DA410C43-EFA6-4264-81BD-6C687AAFD94C}
		{B452046E-5AC7-4ABE-9446-E5BF9A3AA874} = {DA410C43-EFA6-4264-81BD-6C687AAFD94C}
		{97EC6977-AF87-45FF-8B1B-18636464DC75} = {1C288D14-3D37-4D26-8CBD-60F3ECA3B802}
		{8F77417E-F626-41F7-A0E7-3373A0D186AB} = {97EC6977-AF87-45FF-8B1B-18636464DC75}
		{4ADA5AD0-2694-4F9D-AC4B-5B732B089500} = {11BA51DE-CD46-4BAC-AC7F-1E6B75F10882}
		{313851A3-7BF7-428F-AC6F-38973ED5BB79} = {FBDD1534-F850-4B7C-9FC0-EC3A64D8CBA6}
	EndGlobalSection
	GlobalSection(ExtensibilityGlobals) = postSolution
		SolutionGuid = {663EC231-78B1-4E6D-BAA2-4636DEBF8BB1}
	EndGlobalSection
EndGlobal
